// !$*UTF8*$!
{
	archiveVersion = 1;
	classes = {
	};
	objectVersion = 50;
	objects = {

/* Begin PBXBuildFile section */
		3FD000D92444448900C41A70 /* AppDelegate.swift in Sources */ = {isa = PBXBuildFile; fileRef = 3FD000D82444448900C41A70 /* AppDelegate.swift */; };
		3FD000DB2444448900C41A70 /* SceneDelegate.swift in Sources */ = {isa = PBXBuildFile; fileRef = 3FD000DA2444448900C41A70 /* SceneDelegate.swift */; };
		3FD000DD2444448900C41A70 /* ViewController.swift in Sources */ = {isa = PBXBuildFile; fileRef = 3FD000DC2444448900C41A70 /* ViewController.swift */; };
		3FD000E02444448900C41A70 /* Main.storyboard in Resources */ = {isa = PBXBuildFile; fileRef = 3FD000DE2444448900C41A70 /* Main.storyboard */; };
		3FD000E22444448B00C41A70 /* Assets.xcassets in Resources */ = {isa = PBXBuildFile; fileRef = 3FD000E12444448B00C41A70 /* Assets.xcassets */; };
		3FD000E52444448B00C41A70 /* LaunchScreen.storyboard in Resources */ = {isa = PBXBuildFile; fileRef = 3FD000E32444448B00C41A70 /* LaunchScreen.storyboard */; };
		3FD000F02444448B00C41A70 /* LuvaEthWalletTests.swift in Sources */ = {isa = PBXBuildFile; fileRef = 3FD000EF2444448B00C41A70 /* LuvaEthWalletTests.swift */; };
		3FD000FB2444448B00C41A70 /* LuvaEthWalletUITests.swift in Sources */ = {isa = PBXBuildFile; fileRef = 3FD000FA2444448B00C41A70 /* LuvaEthWalletUITests.swift */; };
/* End PBXBuildFile section */

/* Begin PBXContainerItemProxy section */
		3FD000EC2444448B00C41A70 /* PBXContainerItemProxy */ = {
			isa = PBXContainerItemProxy;
			containerPortal = 3FD000CD2444448900C41A70 /* Project object */;
			proxyType = 1;
			remoteGlobalIDString = 3FD000D42444448900C41A70;
			remoteInfo = LuvaEthWallet;
		};
		3FD000F72444448B00C41A70 /* PBXContainerItemProxy */ = {
			isa = PBXContainerItemProxy;
			containerPortal = 3FD000CD2444448900C41A70 /* Project object */;
			proxyType = 1;
			remoteGlobalIDString = 3FD000D42444448900C41A70;
			remoteInfo = LuvaEthWallet;
		};
/* End PBXContainerItemProxy section */

/* Begin PBXFileReference section */
		3FD000D52444448900C41A70 /* LuvaEthWallet.app */ = {isa = PBXFileReference; explicitFileType = wrapper.application; includeInIndex = 0; path = LuvaEthWallet.app; sourceTree = BUILT_PRODUCTS_DIR; };
		3FD000D82444448900C41A70 /* AppDelegate.swift */ = {isa = PBXFileReference; lastKnownFileType = sourcecode.swift; path = AppDelegate.swift; sourceTree = "<group>"; };
		3FD000DA2444448900C41A70 /* SceneDelegate.swift */ = {isa = PBXFileReference; lastKnownFileType = sourcecode.swift; path = SceneDelegate.swift; sourceTree = "<group>"; };
		3FD000DC2444448900C41A70 /* ViewController.swift */ = {isa = PBXFileReference; lastKnownFileType = sourcecode.swift; path = ViewController.swift; sourceTree = "<group>"; };
		3FD000DF2444448900C41A70 /* Base */ = {isa = PBXFileReference; lastKnownFileType = file.storyboard; name = Base; path = Base.lproj/Main.storyboard; sourceTree = "<group>"; };
		3FD000E12444448B00C41A70 /* Assets.xcassets */ = {isa = PBXFileReference; lastKnownFileType = folder.assetcatalog; path = Assets.xcassets; sourceTree = "<group>"; };
		3FD000E42444448B00C41A70 /* Base */ = {isa = PBXFileReference; lastKnownFileType = file.storyboard; name = Base; path = Base.lproj/LaunchScreen.storyboard; sourceTree = "<group>"; };
		3FD000E62444448B00C41A70 /* Info.plist */ = {isa = PBXFileReference; lastKnownFileType = text.plist.xml; path = Info.plist; sourceTree = "<group>"; };
		3FD000EB2444448B00C41A70 /* LuvaEthWalletTests.xctest */ = {isa = PBXFileReference; explicitFileType = wrapper.cfbundle; includeInIndex = 0; path = LuvaEthWalletTests.xctest; sourceTree = BUILT_PRODUCTS_DIR; };
		3FD000EF2444448B00C41A70 /* LuvaEthWalletTests.swift */ = {isa = PBXFileReference; lastKnownFileType = sourcecode.swift; path = LuvaEthWalletTests.swift; sourceTree = "<group>"; };
		3FD000F12444448B00C41A70 /* Info.plist */ = {isa = PBXFileReference; lastKnownFileType = text.plist.xml; path = Info.plist; sourceTree = "<group>"; };
		3FD000F62444448B00C41A70 /* LuvaEthWalletUITests.xctest */ = {isa = PBXFileReference; explicitFileType = wrapper.cfbundle; includeInIndex = 0; path = LuvaEthWalletUITests.xctest; sourceTree = BUILT_PRODUCTS_DIR; };
		3FD000FA2444448B00C41A70 /* LuvaEthWalletUITests.swift */ = {isa = PBXFileReference; lastKnownFileType = sourcecode.swift; path = LuvaEthWalletUITests.swift; sourceTree = "<group>"; };
		3FD000FC2444448B00C41A70 /* Info.plist */ = {isa = PBXFileReference; lastKnownFileType = text.plist.xml; path = Info.plist; sourceTree = "<group>"; };
/* End PBXFileReference section */

/* Begin PBXFrameworksBuildPhase section */
		3FD000D22444448900C41A70 /* Frameworks */ = {
			isa = PBXFrameworksBuildPhase;
			buildActionMask = 2147483647;
			files = (
			);
			runOnlyForDeploymentPostprocessing = 0;
		};
		3FD000E82444448B00C41A70 /* Frameworks */ = {
			isa = PBXFrameworksBuildPhase;
			buildActionMask = 2147483647;
			files = (
			);
			runOnlyForDeploymentPostprocessing = 0;
		};
		3FD000F32444448B00C41A70 /* Frameworks */ = {
			isa = PBXFrameworksBuildPhase;
			buildActionMask = 2147483647;
			files = (
			);
			runOnlyForDeploymentPostprocessing = 0;
		};
/* End PBXFrameworksBuildPhase section */

/* Begin PBXGroup section */
		3FD000CC2444448900C41A70 = {
			isa = PBXGroup;
			children = (
				3FD000D72444448900C41A70 /* LuvaEthWallet */,
				3FD000EE2444448B00C41A70 /* LuvaEthWalletTests */,
				3FD000F92444448B00C41A70 /* LuvaEthWalletUITests */,
				3FD000D62444448900C41A70 /* Products */,
			);
			sourceTree = "<group>";
		};
		3FD000D62444448900C41A70 /* Products */ = {
			isa = PBXGroup;
			children = (
				3FD000D52444448900C41A70 /* LuvaEthWallet.app */,
				3FD000EB2444448B00C41A70 /* LuvaEthWalletTests.xctest */,
				3FD000F62444448B00C41A70 /* LuvaEthWalletUITests.xctest */,
			);
			name = Products;
			sourceTree = "<group>";
		};
		3FD000D72444448900C41A70 /* LuvaEthWallet */ = {
			isa = PBXGroup;
			children = (
				3FD000D82444448900C41A70 /* AppDelegate.swift */,
				3FD000DA2444448900C41A70 /* SceneDelegate.swift */,
				3FD000DC2444448900C41A70 /* ViewController.swift */,
				3FD000DE2444448900C41A70 /* Main.storyboard */,
				3FD000E12444448B00C41A70 /* Assets.xcassets */,
				3FD000E32444448B00C41A70 /* LaunchScreen.storyboard */,
				3FD000E62444448B00C41A70 /* Info.plist */,
			);
			path = LuvaEthWallet;
			sourceTree = "<group>";
		};
		3FD000EE2444448B00C41A70 /* LuvaEthWalletTests */ = {
			isa = PBXGroup;
			children = (
				3FD000EF2444448B00C41A70 /* LuvaEthWalletTests.swift */,
				3FD000F12444448B00C41A70 /* Info.plist */,
			);
			path = LuvaEthWalletTests;
			sourceTree = "<group>";
		};
		3FD000F92444448B00C41A70 /* LuvaEthWalletUITests */ = {
			isa = PBXGroup;
			children = (
				3FD000FA2444448B00C41A70 /* LuvaEthWalletUITests.swift */,
				3FD000FC2444448B00C41A70 /* Info.plist */,
			);
			path = LuvaEthWalletUITests;
			sourceTree = "<group>";
		};
/* End PBXGroup section */

/* Begin PBXNativeTarget section */
		3FD000D42444448900C41A70 /* LuvaEthWallet */ = {
			isa = PBXNativeTarget;
			buildConfigurationList = 3FD000FF2444448B00C41A70 /* Build configuration list for PBXNativeTarget "LuvaEthWallet" */;
			buildPhases = (
				3FD000D12444448900C41A70 /* Sources */,
				3FD000D22444448900C41A70 /* Frameworks */,
				3FD000D32444448900C41A70 /* Resources */,
			);
			buildRules = (
			);
			dependencies = (
			);
			name = LuvaEthWallet;
			productName = LuvaEthWallet;
			productReference = 3FD000D52444448900C41A70 /* LuvaEthWallet.app */;
			productType = "com.apple.product-type.application";
		};
		3FD000EA2444448B00C41A70 /* LuvaEthWalletTests */ = {
			isa = PBXNativeTarget;
			buildConfigurationList = 3FD001022444448B00C41A70 /* Build configuration list for PBXNativeTarget "LuvaEthWalletTests" */;
			buildPhases = (
				3FD000E72444448B00C41A70 /* Sources */,
				3FD000E82444448B00C41A70 /* Frameworks */,
				3FD000E92444448B00C41A70 /* Resources */,
			);
			buildRules = (
			);
			dependencies = (
				3FD000ED2444448B00C41A70 /* PBXTargetDependency */,
			);
			name = LuvaEthWalletTests;
			productName = LuvaEthWalletTests;
			productReference = 3FD000EB2444448B00C41A70 /* LuvaEthWalletTests.xctest */;
			productType = "com.apple.product-type.bundle.unit-test";
		};
		3FD000F52444448B00C41A70 /* LuvaEthWalletUITests */ = {
			isa = PBXNativeTarget;
			buildConfigurationList = 3FD001052444448B00C41A70 /* Build configuration list for PBXNativeTarget "LuvaEthWalletUITests" */;
			buildPhases = (
				3FD000F22444448B00C41A70 /* Sources */,
				3FD000F32444448B00C41A70 /* Frameworks */,
				3FD000F42444448B00C41A70 /* Resources */,
			);
			buildRules = (
			);
			dependencies = (
				3FD000F82444448B00C41A70 /* PBXTargetDependency */,
			);
			name = LuvaEthWalletUITests;
			productName = LuvaEthWalletUITests;
			productReference = 3FD000F62444448B00C41A70 /* LuvaEthWalletUITests.xctest */;
			productType = "com.apple.product-type.bundle.ui-testing";
		};
/* End PBXNativeTarget section */

/* Begin PBXProject section */
		3FD000CD2444448900C41A70 /* Project object */ = {
			isa = PBXProject;
			attributes = {
				LastSwiftUpdateCheck = 1140;
				LastUpgradeCheck = 1140;
				ORGANIZATIONNAME = "Nguyen Xuan Khang";
				TargetAttributes = {
					3FD000D42444448900C41A70 = {
						CreatedOnToolsVersion = 11.4;
					};
					3FD000EA2444448B00C41A70 = {
						CreatedOnToolsVersion = 11.4;
						TestTargetID = 3FD000D42444448900C41A70;
					};
					3FD000F52444448B00C41A70 = {
						CreatedOnToolsVersion = 11.4;
						TestTargetID = 3FD000D42444448900C41A70;
					};
				};
			};
			buildConfigurationList = 3FD000D02444448900C41A70 /* Build configuration list for PBXProject "LuvaEthWallet" */;
			compatibilityVersion = "Xcode 9.3";
			developmentRegion = en;
			hasScannedForEncodings = 0;
			knownRegions = (
				en,
				Base,
			);
			mainGroup = 3FD000CC2444448900C41A70;
			productRefGroup = 3FD000D62444448900C41A70 /* Products */;
			projectDirPath = "";
			projectRoot = "";
			targets = (
				3FD000D42444448900C41A70 /* LuvaEthWallet */,
				3FD000EA2444448B00C41A70 /* LuvaEthWalletTests */,
				3FD000F52444448B00C41A70 /* LuvaEthWalletUITests */,
			);
		};
/* End PBXProject section */

/* Begin PBXResourcesBuildPhase section */
		3FD000D32444448900C41A70 /* Resources */ = {
			isa = PBXResourcesBuildPhase;
			buildActionMask = 2147483647;
			files = (
				3FD000E52444448B00C41A70 /* LaunchScreen.storyboard in Resources */,
				3FD000E22444448B00C41A70 /* Assets.xcassets in Resources */,
				3FD000E02444448900C41A70 /* Main.storyboard in Resources */,
			);
			runOnlyForDeploymentPostprocessing = 0;
		};
		3FD000E92444448B00C41A70 /* Resources */ = {
			isa = PBXResourcesBuildPhase;
			buildActionMask = 2147483647;
			files = (
			);
			runOnlyForDeploymentPostprocessing = 0;
		};
		3FD000F42444448B00C41A70 /* Resources */ = {
			isa = PBXResourcesBuildPhase;
			buildActionMask = 2147483647;
			files = (
			);
			runOnlyForDeploymentPostprocessing = 0;
		};
/* End PBXResourcesBuildPhase section */

/* Begin PBXSourcesBuildPhase section */
		3FD000D12444448900C41A70 /* Sources */ = {
			isa = PBXSourcesBuildPhase;
			buildActionMask = 2147483647;
			files = (
				3FD000DD2444448900C41A70 /* ViewController.swift in Sources */,
				3FD000D92444448900C41A70 /* AppDelegate.swift in Sources */,
				3FD000DB2444448900C41A70 /* SceneDelegate.swift in Sources */,
			);
			runOnlyForDeploymentPostprocessing = 0;
		};
		3FD000E72444448B00C41A70 /* Sources */ = {
			isa = PBXSourcesBuildPhase;
			buildActionMask = 2147483647;
			files = (
				3FD000F02444448B00C41A70 /* LuvaEthWalletTests.swift in Sources */,
			);
			runOnlyForDeploymentPostprocessing = 0;
		};
		3FD000F22444448B00C41A70 /* Sources */ = {
			isa = PBXSourcesBuildPhase;
			buildActionMask = 2147483647;
			files = (
				3FD000FB2444448B00C41A70 /* LuvaEthWalletUITests.swift in Sources */,
			);
			runOnlyForDeploymentPostprocessing = 0;
		};
/* End PBXSourcesBuildPhase section */

/* Begin PBXTargetDependency section */
		3FD000ED2444448B00C41A70 /* PBXTargetDependency */ = {
			isa = PBXTargetDependency;
			target = 3FD000D42444448900C41A70 /* LuvaEthWallet */;
			targetProxy = 3FD000EC2444448B00C41A70 /* PBXContainerItemProxy */;
		};
		3FD000F82444448B00C41A70 /* PBXTargetDependency */ = {
			isa = PBXTargetDependency;
			target = 3FD000D42444448900C41A70 /* LuvaEthWallet */;
			targetProxy = 3FD000F72444448B00C41A70 /* PBXContainerItemProxy */;
		};
/* End PBXTargetDependency section */

/* Begin PBXVariantGroup section */
		3FD000DE2444448900C41A70 /* Main.storyboard */ = {
			isa = PBXVariantGroup;
			children = (
				3FD000DF2444448900C41A70 /* Base */,
			);
			name = Main.storyboard;
			sourceTree = "<group>";
		};
		3FD000E32444448B00C41A70 /* LaunchScreen.storyboard */ = {
			isa = PBXVariantGroup;
			children = (
				3FD000E42444448B00C41A70 /* Base */,
			);
			name = LaunchScreen.storyboard;
			sourceTree = "<group>";
		};
/* End PBXVariantGroup section */

/* Begin XCBuildConfiguration section */
		3FD000FD2444448B00C41A70 /* Debug */ = {
			isa = XCBuildConfiguration;
			buildSettings = {
				ALWAYS_SEARCH_USER_PATHS = NO;
				CLANG_ANALYZER_NONNULL = YES;
				CLANG_ANALYZER_NUMBER_OBJECT_CONVERSION = YES_AGGRESSIVE;
				CLANG_CXX_LANGUAGE_STANDARD = "gnu++14";
				CLANG_CXX_LIBRARY = "libc++";
				CLANG_ENABLE_MODULES = YES;
				CLANG_ENABLE_OBJC_ARC = YES;
				CLANG_ENABLE_OBJC_WEAK = YES;
				CLANG_WARN_BLOCK_CAPTURE_AUTORELEASING = YES;
				CLANG_WARN_BOOL_CONVERSION = YES;
				CLANG_WARN_COMMA = YES;
				CLANG_WARN_CONSTANT_CONVERSION = YES;
				CLANG_WARN_DEPRECATED_OBJC_IMPLEMENTATIONS = YES;
				CLANG_WARN_DIRECT_OBJC_ISA_USAGE = YES_ERROR;
				CLANG_WARN_DOCUMENTATION_COMMENTS = YES;
				CLANG_WARN_EMPTY_BODY = YES;
				CLANG_WARN_ENUM_CONVERSION = YES;
				CLANG_WARN_INFINITE_RECURSION = YES;
				CLANG_WARN_INT_CONVERSION = YES;
				CLANG_WARN_NON_LITERAL_NULL_CONVERSION = YES;
				CLANG_WARN_OBJC_IMPLICIT_RETAIN_SELF = YES;
				CLANG_WARN_OBJC_LITERAL_CONVERSION = YES;
				CLANG_WARN_OBJC_ROOT_CLASS = YES_ERROR;
				CLANG_WARN_RANGE_LOOP_ANALYSIS = YES;
				CLANG_WARN_STRICT_PROTOTYPES = YES;
				CLANG_WARN_SUSPICIOUS_MOVE = YES;
				CLANG_WARN_UNGUARDED_AVAILABILITY = YES_AGGRESSIVE;
				CLANG_WARN_UNREACHABLE_CODE = YES;
				CLANG_WARN__DUPLICATE_METHOD_MATCH = YES;
				COPY_PHASE_STRIP = NO;
				DEBUG_INFORMATION_FORMAT = dwarf;
				ENABLE_STRICT_OBJC_MSGSEND = YES;
				ENABLE_TESTABILITY = YES;
				GCC_C_LANGUAGE_STANDARD = gnu11;
				GCC_DYNAMIC_NO_PIC = NO;
				GCC_NO_COMMON_BLOCKS = YES;
				GCC_OPTIMIZATION_LEVEL = 0;
				GCC_PREPROCESSOR_DEFINITIONS = (
					"DEBUG=1",
					"$(inherited)",
				);
				GCC_WARN_64_TO_32_BIT_CONVERSION = YES;
				GCC_WARN_ABOUT_RETURN_TYPE = YES_ERROR;
				GCC_WARN_UNDECLARED_SELECTOR = YES;
				GCC_WARN_UNINITIALIZED_AUTOS = YES_AGGRESSIVE;
				GCC_WARN_UNUSED_FUNCTION = YES;
				GCC_WARN_UNUSED_VARIABLE = YES;
				IPHONEOS_DEPLOYMENT_TARGET = 13.4;
				MTL_ENABLE_DEBUG_INFO = INCLUDE_SOURCE;
				MTL_FAST_MATH = YES;
				ONLY_ACTIVE_ARCH = YES;
				SDKROOT = iphoneos;
				SWIFT_ACTIVE_COMPILATION_CONDITIONS = DEBUG;
				SWIFT_OPTIMIZATION_LEVEL = "-Onone";
			};
			name = Debug;
		};
		3FD000FE2444448B00C41A70 /* Release */ = {
			isa = XCBuildConfiguration;
			buildSettings = {
				ALWAYS_SEARCH_USER_PATHS = NO;
				CLANG_ANALYZER_NONNULL = YES;
				CLANG_ANALYZER_NUMBER_OBJECT_CONVERSION = YES_AGGRESSIVE;
				CLANG_CXX_LANGUAGE_STANDARD = "gnu++14";
				CLANG_CXX_LIBRARY = "libc++";
				CLANG_ENABLE_MODULES = YES;
				CLANG_ENABLE_OBJC_ARC = YES;
				CLANG_ENABLE_OBJC_WEAK = YES;
				CLANG_WARN_BLOCK_CAPTURE_AUTORELEASING = YES;
				CLANG_WARN_BOOL_CONVERSION = YES;
				CLANG_WARN_COMMA = YES;
				CLANG_WARN_CONSTANT_CONVERSION = YES;
				CLANG_WARN_DEPRECATED_OBJC_IMPLEMENTATIONS = YES;
				CLANG_WARN_DIRECT_OBJC_ISA_USAGE = YES_ERROR;
				CLANG_WARN_DOCUMENTATION_COMMENTS = YES;
				CLANG_WARN_EMPTY_BODY = YES;
				CLANG_WARN_ENUM_CONVERSION = YES;
				CLANG_WARN_INFINITE_RECURSION = YES;
				CLANG_WARN_INT_CONVERSION = YES;
				CLANG_WARN_NON_LITERAL_NULL_CONVERSION = YES;
				CLANG_WARN_OBJC_IMPLICIT_RETAIN_SELF = YES;
				CLANG_WARN_OBJC_LITERAL_CONVERSION = YES;
				CLANG_WARN_OBJC_ROOT_CLASS = YES_ERROR;
				CLANG_WARN_RANGE_LOOP_ANALYSIS = YES;
				CLANG_WARN_STRICT_PROTOTYPES = YES;
				CLANG_WARN_SUSPICIOUS_MOVE = YES;
				CLANG_WARN_UNGUARDED_AVAILABILITY = YES_AGGRESSIVE;
				CLANG_WARN_UNREACHABLE_CODE = YES;
				CLANG_WARN__DUPLICATE_METHOD_MATCH = YES;
				COPY_PHASE_STRIP = NO;
				DEBUG_INFORMATION_FORMAT = "dwarf-with-dsym";
				ENABLE_NS_ASSERTIONS = NO;
				ENABLE_STRICT_OBJC_MSGSEND = YES;
				GCC_C_LANGUAGE_STANDARD = gnu11;
				GCC_NO_COMMON_BLOCKS = YES;
				GCC_WARN_64_TO_32_BIT_CONVERSION = YES;
				GCC_WARN_ABOUT_RETURN_TYPE = YES_ERROR;
				GCC_WARN_UNDECLARED_SELECTOR = YES;
				GCC_WARN_UNINITIALIZED_AUTOS = YES_AGGRESSIVE;
				GCC_WARN_UNUSED_FUNCTION = YES;
				GCC_WARN_UNUSED_VARIABLE = YES;
				IPHONEOS_DEPLOYMENT_TARGET = 13.4;
				MTL_ENABLE_DEBUG_INFO = NO;
				MTL_FAST_MATH = YES;
				SDKROOT = iphoneos;
				SWIFT_COMPILATION_MODE = wholemodule;
				SWIFT_OPTIMIZATION_LEVEL = "-O";
				VALIDATE_PRODUCT = YES;
			};
			name = Release;
		};
		3FD001002444448B00C41A70 /* Debug */ = {
			isa = XCBuildConfiguration;
			buildSettings = {
				ASSETCATALOG_COMPILER_APPICON_NAME = AppIcon;
				CODE_SIGN_STYLE = Automatic;
				INFOPLIST_FILE = LuvaEthWallet/Info.plist;
				LD_RUNPATH_SEARCH_PATHS = (
					"$(inherited)",
					"@executable_path/Frameworks",
				);
				PRODUCT_BUNDLE_IDENTIFIER = com.luvapay.LuvaEthWallet;
				PRODUCT_NAME = "$(TARGET_NAME)";
				SWIFT_VERSION = 5.0;
				TARGETED_DEVICE_FAMILY = "1,2";
			};
			name = Debug;
		};
		3FD001012444448B00C41A70 /* Release */ = {
			isa = XCBuildConfiguration;
			buildSettings = {
				ASSETCATALOG_COMPILER_APPICON_NAME = AppIcon;
				CODE_SIGN_STYLE = Automatic;
				INFOPLIST_FILE = LuvaEthWallet/Info.plist;
				LD_RUNPATH_SEARCH_PATHS = (
					"$(inherited)",
					"@executable_path/Frameworks",
				);
				PRODUCT_BUNDLE_IDENTIFIER = com.luvapay.LuvaEthWallet;
				PRODUCT_NAME = "$(TARGET_NAME)";
				SWIFT_VERSION = 5.0;
				TARGETED_DEVICE_FAMILY = "1,2";
			};
			name = Release;
		};
		3FD001032444448B00C41A70 /* Debug */ = {
			isa = XCBuildConfiguration;
			buildSettings = {
				ALWAYS_EMBED_SWIFT_STANDARD_LIBRARIES = YES;
				BUNDLE_LOADER = "$(TEST_HOST)";
				CODE_SIGN_STYLE = Automatic;
				INFOPLIST_FILE = LuvaEthWalletTests/Info.plist;
				IPHONEOS_DEPLOYMENT_TARGET = 13.4;
				LD_RUNPATH_SEARCH_PATHS = (
					"$(inherited)",
					"@executable_path/Frameworks",
					"@loader_path/Frameworks",
				);
				PRODUCT_BUNDLE_IDENTIFIER = com.luvapay.LuvaEthWalletTests;
				PRODUCT_NAME = "$(TARGET_NAME)";
				SWIFT_VERSION = 5.0;
				TARGETED_DEVICE_FAMILY = "1,2";
				TEST_HOST = "$(BUILT_PRODUCTS_DIR)/LuvaEthWallet.app/LuvaEthWallet";
			};
			name = Debug;
		};
		3FD001042444448B00C41A70 /* Release */ = {
			isa = XCBuildConfiguration;
			buildSettings = {
				ALWAYS_EMBED_SWIFT_STANDARD_LIBRARIES = YES;
				BUNDLE_LOADER = "$(TEST_HOST)";
				CODE_SIGN_STYLE = Automatic;
				INFOPLIST_FILE = LuvaEthWalletTests/Info.plist;
				IPHONEOS_DEPLOYMENT_TARGET = 13.4;
				LD_RUNPATH_SEARCH_PATHS = (
					"$(inherited)",
					"@executable_path/Frameworks",
					"@loader_path/Frameworks",
				);
				PRODUCT_BUNDLE_IDENTIFIER = com.luvapay.LuvaEthWalletTests;
				PRODUCT_NAME = "$(TARGET_NAME)";
				SWIFT_VERSION = 5.0;
				TARGETED_DEVICE_FAMILY = "1,2";
				TEST_HOST = "$(BUILT_PRODUCTS_DIR)/LuvaEthWallet.app/LuvaEthWallet";
			};
			name = Release;
		};
		3FD001062444448B00C41A70 /* Debug */ = {
			isa = XCBuildConfiguration;
			buildSettings = {
				ALWAYS_EMBED_SWIFT_STANDARD_LIBRARIES = YES;
				CODE_SIGN_STYLE = Automatic;
				INFOPLIST_FILE = LuvaEthWalletUITests/Info.plist;
				LD_RUNPATH_SEARCH_PATHS = (
					"$(inherited)",
					"@executable_path/Frameworks",
					"@loader_path/Frameworks",
				);
				PRODUCT_BUNDLE_IDENTIFIER = com.luvapay.LuvaEthWalletUITests;
				PRODUCT_NAME = "$(TARGET_NAME)";
				SWIFT_VERSION = 5.0;
				TARGETED_DEVICE_FAMILY = "1,2";
				TEST_TARGET_NAME = LuvaEthWallet;
			};
			name = Debug;
		};
		3FD001072444448B00C41A70 /* Release */ = {
			isa = XCBuildConfiguration;
			buildSettings = {
				ALWAYS_EMBED_SWIFT_STANDARD_LIBRARIES = YES;
				CODE_SIGN_STYLE = Automatic;
				INFOPLIST_FILE = LuvaEthWalletUITests/Info.plist;
				LD_RUNPATH_SEARCH_PATHS = (
					"$(inherited)",
					"@executable_path/Frameworks",
					"@loader_path/Frameworks",
				);
				PRODUCT_BUNDLE_IDENTIFIER = com.luvapay.LuvaEthWalletUITests;
				PRODUCT_NAME = "$(TARGET_NAME)";
				SWIFT_VERSION = 5.0;
				TARGETED_DEVICE_FAMILY = "1,2";
				TEST_TARGET_NAME = LuvaEthWallet;
			};
			name = Release;
		};
/* End XCBuildConfiguration section */

/* Begin XCConfigurationList section */
		3FD000D02444448900C41A70 /* Build configuration list for PBXProject "LuvaEthWallet" */ = {
			isa = XCConfigurationList;
			buildConfigurations = (
				3FD000FD2444448B00C41A70 /* Debug */,
				3FD000FE2444448B00C41A70 /* Release */,
			);
			defaultConfigurationIsVisible = 0;
			defaultConfigurationName = Release;
		};
		3FD000FF2444448B00C41A70 /* Build configuration list for PBXNativeTarget "LuvaEthWallet" */ = {
			isa = XCConfigurationList;
			buildConfigurations = (
				3FD001002444448B00C41A70 /* Debug */,
				3FD001012444448B00C41A70 /* Release */,
			);
			defaultConfigurationIsVisible = 0;
			defaultConfigurationName = Release;
		};
		3FD001022444448B00C41A70 /* Build configuration list for PBXNativeTarget "LuvaEthWalletTests" */ = {
			isa = XCConfigurationList;
			buildConfigurations = (
				3FD001032444448B00C41A70 /* Debug */,
				3FD001042444448B00C41A70 /* Release */,
			);
			defaultConfigurationIsVisible = 0;
			defaultConfigurationName = Release;
		};
		3FD001052444448B00C41A70 /* Build configuration list for PBXNativeTarget "LuvaEthWalletUITests" */ = {
			isa = XCConfigurationList;
			buildConfigurations = (
				3FD001062444448B00C41A70 /* Debug */,
				3FD001072444448B00C41A70 /* Release */,
			);
			defaultConfigurationIsVisible = 0;
			defaultConfigurationName = Release;
		};
/* End XCConfigurationList section */
	};
	rootObject = 3FD000CD2444448900C41A70 /* Project object */;
}
